
Microsoft Visual Studio Solution File, Format Version 12.00
# Visual Studio Version 16
VisualStudioVersion = 16.0.31229.75
MinimumVisualStudioVersion = 10.0.40219.1
Project("{FAE04EC0-301F-11D3-BF4B-00C04F79EFBC}") = "FioRinoFactory", "FioRinoFactory\FioRinoFactory.csproj", "{3DE8DB6A-DE2E-424D-8974-5FE1D218810F}"
EndProject
Global
	GlobalSection(SolutionConfigurationPlatforms) = preSolution
		Debug|Any CPU = Debug|Any CPU
		Release|Any CPU = Release|Any CPU
	EndGlobalSection
	GlobalSection(ProjectConfigurationPlatforms) = postSolution
		{3DE8DB6A-DE2E-424D-8974-5FE1D218810F}.Debug|Any CPU.ActiveCfg = Debug|Any CPU
		{3DE8DB6A-DE2E-424D-8974-5FE1D218810F}.Debug|Any CPU.Build.0 = Debug|Any CPU
		{3DE8DB6A-DE2E-424D-8974-5FE1D218810F}.Release|Any CPU.ActiveCfg = Release|Any CPU
		{3DE8DB6A-DE2E-424D-8974-5FE1D218810F}.Release|Any CPU.Build.0 = Release|Any CPU
	EndGlobalSection
	GlobalSection(SolutionProperties) = preSolution
		HideSolutionNode = FALSE
	EndGlobalSection
	GlobalSection(ExtensibilityGlobals) = postSolution
		SolutionGuid = {AD94A67F-1BB6-40F6-A619-D8B2ED97A58E}
	EndGlobalSection
EndGlobal
